
Microsoft Visual Studio Solution File, Format Version 12.00
# Visual Studio Version 17
VisualStudioVersion = 17.8.34309.116
MinimumVisualStudioVersion = 10.0.40219.1
Project("{FAE04EC0-301F-11D3-BF4B-00C04F79EFBC}") = "ProgramForTeamCity", "ProgramForTeamCity\ProgramForTeamCity.csproj", "{A473BBB3-BAC4-404C-BBFA-CEB33379F70A}"
EndProject
Project("{FAE04EC0-301F-11D3-BF4B-00C04F79EFBC}") = "Tests1", "Tests1\Tests1.csproj", "{1A29395E-690D-4C03-9A59-4343C6C56AC0}"
EndProject
Global
	GlobalSection(SolutionConfigurationPlatforms) = preSolution
		Debug|Any CPU = Debug|Any CPU
		Release|Any CPU = Release|Any CPU
	EndGlobalSection
	GlobalSection(ProjectConfigurationPlatforms) = postSolution
		{A473BBB3-BAC4-404C-BBFA-CEB33379F70A}.Debug|Any CPU.ActiveCfg = Debug|Any CPU
		{A473BBB3-BAC4-404C-BBFA-CEB33379F70A}.Debug|Any CPU.Build.0 = Debug|Any CPU
		{A473BBB3-BAC4-404C-BBFA-CEB33379F70A}.Release|Any CPU.ActiveCfg = Release|Any CPU
		{A473BBB3-BAC4-404C-BBFA-CEB33379F70A}.Release|Any CPU.Build.0 = Release|Any CPU
		{1A29395E-690D-4C03-9A59-4343C6C56AC0}.Debug|Any CPU.ActiveCfg = Debug|Any CPU
		{1A29395E-690D-4C03-9A59-4343C6C56AC0}.Debug|Any CPU.Build.0 = Debug|Any CPU
		{1A29395E-690D-4C03-9A59-4343C6C56AC0}.Release|Any CPU.ActiveCfg = Release|Any CPU
		{1A29395E-690D-4C03-9A59-4343C6C56AC0}.Release|Any CPU.Build.0 = Release|Any CPU
	EndGlobalSection
	GlobalSection(SolutionProperties) = preSolution
		HideSolutionNode = FALSE
	EndGlobalSection
	GlobalSection(ExtensibilityGlobals) = postSolution
		SolutionGuid = {28870E27-ED8D-49FF-B600-2153CEA7AC9C}
	EndGlobalSection
EndGlobal
